
Microsoft Visual Studio Solution File, Format Version 12.00
# Visual Studio Version 16
VisualStudioVersion = 16.0.33529.622
MinimumVisualStudioVersion = 10.0.40219.1
Project("{FAE04EC0-301F-11D3-BF4B-00C04F79EFBC}") = "EightQueenPuzzel", "test\EightQueenPuzzel.csproj", "{FBD0FFD5-EC0A-4631-887A-CDA1B425E953}"
EndProject
Project("{FAE04EC0-301F-11D3-BF4B-00C04F79EFBC}") = "EightQueenPuzzelTests", "EightQueenPuzzelTests\EightQueenPuzzelTests.csproj", "{15F081E6-C0E2-4B39-B733-25EE5A7003A0}"
EndProject
Global
	GlobalSection(SolutionConfigurationPlatforms) = preSolution
		Debug|Any CPU = Debug|Any CPU
		Release|Any CPU = Release|Any CPU
	EndGlobalSection
	GlobalSection(ProjectConfigurationPlatforms) = postSolution
		{FBD0FFD5-EC0A-4631-887A-CDA1B425E953}.Debug|Any CPU.ActiveCfg = Debug|Any CPU
		{FBD0FFD5-EC0A-4631-887A-CDA1B425E953}.Debug|Any CPU.Build.0 = Debug|Any CPU
		{FBD0FFD5-EC0A-4631-887A-CDA1B425E953}.Release|Any CPU.ActiveCfg = Release|Any CPU
		{FBD0FFD5-EC0A-4631-887A-CDA1B425E953}.Release|Any CPU.Build.0 = Release|Any CPU
		{15F081E6-C0E2-4B39-B733-25EE5A7003A0}.Debug|Any CPU.ActiveCfg = Debug|Any CPU
		{15F081E6-C0E2-4B39-B733-25EE5A7003A0}.Debug|Any CPU.Build.0 = Debug|Any CPU
		{15F081E6-C0E2-4B39-B733-25EE5A7003A0}.Release|Any CPU.ActiveCfg = Release|Any CPU
		{15F081E6-C0E2-4B39-B733-25EE5A7003A0}.Release|Any CPU.Build.0 = Release|Any CPU
	EndGlobalSection
	GlobalSection(SolutionProperties) = preSolution
		HideSolutionNode = FALSE
	EndGlobalSection
	GlobalSection(ExtensibilityGlobals) = postSolution
		SolutionGuid = {BA3F423F-89A2-46B3-B879-DA00F8CCD7B3}
	EndGlobalSection
EndGlobal
